// !$*UTF8*$!
{
	archiveVersion = 1;
	classes = {
	};
	objectVersion = 48;
	objects = {

/* Begin PBXBuildFile section */
		1824DBA11FBC8887000BFB3A /* DeletetaskViewController.swift in Sources */ = {isa = PBXBuildFile; fileRef = 1824DBA01FBC8887000BFB3A /* DeletetaskViewController.swift */; };
		188FC89E1FB70F640017E60E /* AppDelegate.swift in Sources */ = {isa = PBXBuildFile; fileRef = 188FC89D1FB70F640017E60E /* AppDelegate.swift */; };
		188FC8A01FB70F640017E60E /* ViewController.swift in Sources */ = {isa = PBXBuildFile; fileRef = 188FC89F1FB70F640017E60E /* ViewController.swift */; };
		188FC8A31FB70F640017E60E /* Main.storyboard in Resources */ = {isa = PBXBuildFile; fileRef = 188FC8A11FB70F640017E60E /* Main.storyboard */; };
		188FC8A61FB70F640017E60E /* To_do_list.xcdatamodeld in Sources */ = {isa = PBXBuildFile; fileRef = 188FC8A41FB70F640017E60E /* To_do_list.xcdatamodeld */; };
		188FC8AB1FB70F640017E60E /* LaunchScreen.storyboard in Resources */ = {isa = PBXBuildFile; fileRef = 188FC8A91FB70F640017E60E /* LaunchScreen.storyboard */; };
		188FC8BA1FB744AE0017E60E /* Assets.xcassets in Resources */ = {isa = PBXBuildFile; fileRef = 188FC8B91FB744AE0017E60E /* Assets.xcassets */; };
		18CC22C11FB817C100D88576 /* CreatelistViewController.swift in Sources */ = {isa = PBXBuildFile; fileRef = 18CC22C01FB817C100D88576 /* CreatelistViewController.swift */; };
/* End PBXBuildFile section */

/* Begin PBXFileReference section */
		1824DBA01FBC8887000BFB3A /* DeletetaskViewController.swift */ = {isa = PBXFileReference; lastKnownFileType = sourcecode.swift; path = DeletetaskViewController.swift; sourceTree = "<group>"; };
		188FC89A1FB70F640017E60E /* To-do-list.app */ = {isa = PBXFileReference; explicitFileType = wrapper.application; includeInIndex = 0; path = "To-do-list.app"; sourceTree = BUILT_PRODUCTS_DIR; };
		188FC89D1FB70F640017E60E /* AppDelegate.swift */ = {isa = PBXFileReference; lastKnownFileType = sourcecode.swift; path = AppDelegate.swift; sourceTree = "<group>"; };
		188FC89F1FB70F640017E60E /* ViewController.swift */ = {isa = PBXFileReference; lastKnownFileType = sourcecode.swift; path = ViewController.swift; sourceTree = "<group>"; };
		188FC8A21FB70F640017E60E /* Base */ = {isa = PBXFileReference; lastKnownFileType = file.storyboard; name = Base; path = Base.lproj/Main.storyboard; sourceTree = "<group>"; };
		188FC8A51FB70F640017E60E /* To_do_list.xcdatamodel */ = {isa = PBXFileReference; lastKnownFileType = wrapper.xcdatamodel; path = To_do_list.xcdatamodel; sourceTree = "<group>"; };
		188FC8AA1FB70F640017E60E /* Base */ = {isa = PBXFileReference; lastKnownFileType = file.storyboard; name = Base; path = Base.lproj/LaunchScreen.storyboard; sourceTree = "<group>"; };
		188FC8AC1FB70F640017E60E /* Info.plist */ = {isa = PBXFileReference; lastKnownFileType = text.plist.xml; path = Info.plist; sourceTree = "<group>"; };
		188FC8B91FB744AE0017E60E /* Assets.xcassets */ = {isa = PBXFileReference; lastKnownFileType = folder.assetcatalog; path = Assets.xcassets; sourceTree = "<group>"; };
		18CC22C01FB817C100D88576 /* CreatelistViewController.swift */ = {isa = PBXFileReference; lastKnownFileType = sourcecode.swift; path = CreatelistViewController.swift; sourceTree = "<group>"; };
/* End PBXFileReference section */

/* Begin PBXFrameworksBuildPhase section */
		188FC8971FB70F630017E60E /* Frameworks */ = {
			isa = PBXFrameworksBuildPhase;
			buildActionMask = 2147483647;
			files = (
			);
			runOnlyForDeploymentPostprocessing = 0;
		};
/* End PBXFrameworksBuildPhase section */

/* Begin PBXGroup section */
		188FC8911FB70F630017E60E = {
			isa = PBXGroup;
			children = (
				188FC89C1FB70F640017E60E /* To-do-list */,
				188FC89B1FB70F640017E60E /* Products */,
			);
			sourceTree = "<group>";
		};
		188FC89B1FB70F640017E60E /* Products */ = {
			isa = PBXGroup;
			children = (
				188FC89A1FB70F640017E60E /* To-do-list.app */,
			);
			name = Products;
			sourceTree = "<group>";
		};
		188FC89C1FB70F640017E60E /* To-do-list */ = {
			isa = PBXGroup;
			children = (
				188FC89D1FB70F640017E60E /* AppDelegate.swift */,
				18CC22C01FB817C100D88576 /* CreatelistViewController.swift */,
				188FC89F1FB70F640017E60E /* ViewController.swift */,
				1824DBA01FBC8887000BFB3A /* DeletetaskViewController.swift */,
				188FC8A11FB70F640017E60E /* Main.storyboard */,
				188FC8A91FB70F640017E60E /* LaunchScreen.storyboard */,
				188FC8AC1FB70F640017E60E /* Info.plist */,
				188FC8B91FB744AE0017E60E /* Assets.xcassets */,
				188FC8A41FB70F640017E60E /* To_do_list.xcdatamodeld */,
			);
			path = "To-do-list";
			sourceTree = "<group>";
		};
/* End PBXGroup section */

/* Begin PBXNativeTarget section */
		188FC8991FB70F630017E60E /* To-do-list */ = {
			isa = PBXNativeTarget;
			buildConfigurationList = 188FC8AF1FB70F640017E60E /* Build configuration list for PBXNativeTarget "To-do-list" */;
			buildPhases = (
				188FC8961FB70F630017E60E /* Sources */,
				188FC8971FB70F630017E60E /* Frameworks */,
				188FC8981FB70F630017E60E /* Resources */,
			);
			buildRules = (
			);
			dependencies = (
			);
			name = "To-do-list";
			productName = "To-do-list";
			productReference = 188FC89A1FB70F640017E60E /* To-do-list.app */;
			productType = "com.apple.product-type.application";
		};
/* End PBXNativeTarget section */

/* Begin PBXProject section */
		188FC8921FB70F630017E60E /* Project object */ = {
			isa = PBXProject;
			attributes = {
				LastSwiftUpdateCheck = 0910;
				LastUpgradeCheck = 0910;
				ORGANIZATIONNAME = Apple;
				TargetAttributes = {
					188FC8991FB70F630017E60E = {
						CreatedOnToolsVersion = 9.1;
						ProvisioningStyle = Automatic;
					};
				};
			};
			buildConfigurationList = 188FC8951FB70F630017E60E /* Build configuration list for PBXProject "To-do-list" */;
			compatibilityVersion = "Xcode 8.0";
			developmentRegion = en;
			hasScannedForEncodings = 0;
			knownRegions = (
				en,
				Base,
			);
			mainGroup = 188FC8911FB70F630017E60E;
			productRefGroup = 188FC89B1FB70F640017E60E /* Products */;
			projectDirPath = "";
			projectRoot = "";
			targets = (
				188FC8991FB70F630017E60E /* To-do-list */,
			);
		};
/* End PBXProject section */

/* Begin PBXResourcesBuildPhase section */
		188FC8981FB70F630017E60E /* Resources */ = {
			isa = PBXResourcesBuildPhase;
			buildActionMask = 2147483647;
			files = (
				188FC8AB1FB70F640017E60E /* LaunchScreen.storyboard in Resources */,
				188FC8BA1FB744AE0017E60E /* Assets.xcassets in Resources */,
				188FC8A31FB70F640017E60E /* Main.storyboard in Resources */,
			);
			runOnlyForDeploymentPostprocessing = 0;
		};
/* End PBXResourcesBuildPhase section */

/* Begin PBXSourcesBuildPhase section */
		188FC8961FB70F630017E60E /* Sources */ = {
			isa = PBXSourcesBuildPhase;
			buildActionMask = 2147483647;
			files = (
				188FC8A01FB70F640017E60E /* ViewController.swift in Sources */,
				188FC8A61FB70F640017E60E /* To_do_list.xcdatamodeld in Sources */,
				188FC89E1FB70F640017E60E /* AppDelegate.swift in Sources */,
				1824DBA11FBC8887000BFB3A /* DeletetaskViewController.swift in Sources */,
				18CC22C11FB817C100D88576 /* CreatelistViewController.swift in Sources */,
			);
			runOnlyForDeploymentPostprocessing = 0;
		};
/* End PBXSourcesBuildPhase section */

/* Begin PBXVariantGroup section */
		188FC8A11FB70F640017E60E /* Main.storyboard */ = {
			isa = PBXVariantGroup;
			children = (
				188FC8A21FB70F640017E60E /* Base */,
			);
			name = Main.storyboard;
			sourceTree = "<group>";
		};
		188FC8A91FB70F640017E60E /* LaunchScreen.storyboard */ = {
			isa = PBXVariantGroup;
			children = (
				188FC8AA1FB70F640017E60E /* Base */,
			);
			name = LaunchScreen.storyboard;
			sourceTree = "<group>";
		};
/* End PBXVariantGroup section */

/* Begin XCBuildConfiguration section */
		188FC8AD1FB70F640017E60E /* Debug */ = {
			isa = XCBuildConfiguration;
			buildSettings = {
				ALWAYS_SEARCH_USER_PATHS = NO;
				CLANG_ANALYZER_NONNULL = YES;
				CLANG_ANALYZER_NUMBER_OBJECT_CONVERSION = YES_AGGRESSIVE;
				CLANG_CXX_LANGUAGE_STANDARD = "gnu++14";
				CLANG_CXX_LIBRARY = "libc++";
				CLANG_ENABLE_MODULES = YES;
				CLANG_ENABLE_OBJC_ARC = YES;
				CLANG_WARN_BLOCK_CAPTURE_AUTORELEASING = YES;
				CLANG_WARN_BOOL_CONVERSION = YES;
				CLANG_WARN_COMMA = YES;
				CLANG_WARN_CONSTANT_CONVERSION = YES;
				CLANG_WARN_DIRECT_OBJC_ISA_USAGE = YES_ERROR;
				CLANG_WARN_DOCUMENTATION_COMMENTS = YES;
				CLANG_WARN_EMPTY_BODY = YES;
				CLANG_WARN_ENUM_CONVERSION = YES;
				CLANG_WARN_INFINITE_RECURSION = YES;
				CLANG_WARN_INT_CONVERSION = YES;
				CLANG_WARN_NON_LITERAL_NULL_CONVERSION = YES;
				CLANG_WARN_OBJC_LITERAL_CONVERSION = YES;
				CLANG_WARN_OBJC_ROOT_CLASS = YES_ERROR;
				CLANG_WARN_RANGE_LOOP_ANALYSIS = YES;
				CLANG_WARN_STRICT_PROTOTYPES = YES;
				CLANG_WARN_SUSPICIOUS_MOVE = YES;
				CLANG_WARN_UNGUARDED_AVAILABILITY = YES_AGGRESSIVE;
				CLANG_WARN_UNREACHABLE_CODE = YES;
				CLANG_WARN__DUPLICATE_METHOD_MATCH = YES;
				CODE_SIGN_IDENTITY = "iPhone Developer";
				COPY_PHASE_STRIP = NO;
				DEBUG_INFORMATION_FORMAT = dwarf;
				ENABLE_STRICT_OBJC_MSGSEND = YES;
				ENABLE_TESTABILITY = YES;
				GCC_C_LANGUAGE_STANDARD = gnu11;
				GCC_DYNAMIC_NO_PIC = NO;
				GCC_NO_COMMON_BLOCKS = YES;
				GCC_OPTIMIZATION_LEVEL = 0;
				GCC_PREPROCESSOR_DEFINITIONS = (
					"DEBUG=1",
					"$(inherited)",
				);
				GCC_WARN_64_TO_32_BIT_CONVERSION = YES;
				GCC_WARN_ABOUT_RETURN_TYPE = YES_ERROR;
				GCC_WARN_UNDECLARED_SELECTOR = YES;
				GCC_WARN_UNINITIALIZED_AUTOS = YES_AGGRESSIVE;
				GCC_WARN_UNUSED_FUNCTION = YES;
				GCC_WARN_UNUSED_VARIABLE = YES;
				IPHONEOS_DEPLOYMENT_TARGET = 11.1;
				MTL_ENABLE_DEBUG_INFO = YES;
				ONLY_ACTIVE_ARCH = YES;
				SDKROOT = iphoneos;
				SWIFT_ACTIVE_COMPILATION_CONDITIONS = DEBUG;
				SWIFT_OPTIMIZATION_LEVEL = "-Onone";
			};
			name = Debug;
		};
		188FC8AE1FB70F640017E60E /* Release */ = {
			isa = XCBuildConfiguration;
			buildSettings = {
				ALWAYS_SEARCH_USER_PATHS = NO;
				CLANG_ANALYZER_NONNULL = YES;
				CLANG_ANALYZER_NUMBER_OBJECT_CONVERSION = YES_AGGRESSIVE;
				CLANG_CXX_LANGUAGE_STANDARD = "gnu++14";
				CLANG_CXX_LIBRARY = "libc++";
				CLANG_ENABLE_MODULES = YES;
				CLANG_ENABLE_OBJC_ARC = YES;
				CLANG_WARN_BLOCK_CAPTURE_AUTORELEASING = YES;
				CLANG_WARN_BOOL_CONVERSION = YES;
				CLANG_WARN_COMMA = YES;
				CLANG_WARN_CONSTANT_CONVERSION = YES;
				CLANG_WARN_DIRECT_OBJC_ISA_USAGE = YES_ERROR;
				CLANG_WARN_DOCUMENTATION_COMMENTS = YES;
				CLANG_WARN_EMPTY_BODY = YES;
				CLANG_WARN_ENUM_CONVERSION = YES;
				CLANG_WARN_INFINITE_RECURSION = YES;
				CLANG_WARN_INT_CONVERSION = YES;
				CLANG_WARN_NON_LITERAL_NULL_CONVERSION = YES;
				CLANG_WARN_OBJC_LITERAL_CONVERSION = YES;
				CLANG_WARN_OBJC_ROOT_CLASS = YES_ERROR;
				CLANG_WARN_RANGE_LOOP_ANALYSIS = YES;
				CLANG_WARN_STRICT_PROTOTYPES = YES;
				CLANG_WARN_SUSPICIOUS_MOVE = YES;
				CLANG_WARN_UNGUARDED_AVAILABILITY = YES_AGGRESSIVE;
				CLANG_WARN_UNREACHABLE_CODE = YES;
				CLANG_WARN__DUPLICATE_METHOD_MATCH = YES;
				CODE_SIGN_IDENTITY = "iPhone Developer";
				COPY_PHASE_STRIP = NO;
				DEBUG_INFORMATION_FORMAT = "dwarf-with-dsym";
				ENABLE_NS_ASSERTIONS = NO;
				ENABLE_STRICT_OBJC_MSGSEND = YES;
				GCC_C_LANGUAGE_STANDARD = gnu11;
				GCC_NO_COMMON_BLOCKS = YES;
				GCC_WARN_64_TO_32_BIT_CONVERSION = YES;
				GCC_WARN_ABOUT_RETURN_TYPE = YES_ERROR;
				GCC_WARN_UNDECLARED_SELECTOR = YES;
				GCC_WARN_UNINITIALIZED_AUTOS = YES_AGGRESSIVE;
				GCC_WARN_UNUSED_FUNCTION = YES;
				GCC_WARN_UNUSED_VARIABLE = YES;
				IPHONEOS_DEPLOYMENT_TARGET = 11.1;
				MTL_ENABLE_DEBUG_INFO = NO;
				SDKROOT = iphoneos;
				SWIFT_OPTIMIZATION_LEVEL = "-Owholemodule";
				VALIDATE_PRODUCT = YES;
			};
			name = Release;
		};
		188FC8B01FB70F640017E60E /* Debug */ = {
			isa = XCBuildConfiguration;
			buildSettings = {
				ASSETCATALOG_COMPILER_APPICON_NAME = AppIcon;
				ASSETCATALOG_COMPILER_LAUNCHIMAGE_NAME = LaunchImage;
				CODE_SIGN_STYLE = Automatic;
				DEVELOPMENT_TEAM = XMRBC7TB73;
				INFOPLIST_FILE = "To-do-list/Info.plist";
				LD_RUNPATH_SEARCH_PATHS = "$(inherited) @executable_path/Frameworks";
				PRODUCT_BUNDLE_IDENTIFIER = "com.To-do-list.-To-do-list";
				PRODUCT_NAME = "$(TARGET_NAME)";
				SWIFT_VERSION = 4.0;
				TARGETED_DEVICE_FAMILY = "1,2";
			};
			name = Debug;
		};
		188FC8B11FB70F640017E60E /* Release */ = {
			isa = XCBuildConfiguration;
			buildSettings = {
				ASSETCATALOG_COMPILER_APPICON_NAME = AppIcon;
				ASSETCATALOG_COMPILER_LAUNCHIMAGE_NAME = LaunchImage;
				CODE_SIGN_STYLE = Automatic;
				DEVELOPMENT_TEAM = XMRBC7TB73;
				INFOPLIST_FILE = "To-do-list/Info.plist";
				LD_RUNPATH_SEARCH_PATHS = "$(inherited) @executable_path/Frameworks";
				PRODUCT_BUNDLE_IDENTIFIER = "com.To-do-list.-To-do-list";
				PRODUCT_NAME = "$(TARGET_NAME)";
				SWIFT_VERSION = 4.0;
				TARGETED_DEVICE_FAMILY = "1,2";
			};
			name = Release;
		};
/* End XCBuildConfiguration section */

/* Begin XCConfigurationList section */
		188FC8951FB70F630017E60E /* Build configuration list for PBXProject "To-do-list" */ = {
			isa = XCConfigurationList;
			buildConfigurations = (
				188FC8AD1FB70F640017E60E /* Debug */,
				188FC8AE1FB70F640017E60E /* Release */,
			);
			defaultConfigurationIsVisible = 0;
			defaultConfigurationName = Release;
		};
		188FC8AF1FB70F640017E60E /* Build configuration list for PBXNativeTarget "To-do-list" */ = {
			isa = XCConfigurationList;
			buildConfigurations = (
				188FC8B01FB70F640017E60E /* Debug */,
				188FC8B11FB70F640017E60E /* Release */,
			);
			defaultConfigurationIsVisible = 0;
			defaultConfigurationName = Release;
		};
/* End XCConfigurationList section */

/* Begin XCVersionGroup section */
		188FC8A41FB70F640017E60E /* To_do_list.xcdatamodeld */ = {
			isa = XCVersionGroup;
			children = (
				188FC8A51FB70F640017E60E /* To_do_list.xcdatamodel */,
			);
			currentVersion = 188FC8A51FB70F640017E60E /* To_do_list.xcdatamodel */;
			path = To_do_list.xcdatamodeld;
			sourceTree = "<group>";
			versionGroupType = wrapper.xcdatamodel;
		};
/* End XCVersionGroup section */
	};
	rootObject = 188FC8921FB70F630017E60E /* Project object */;
}
